{
  "version": 4,
  "terraform_version": "1.2.6",
  "serial": 20,
  "lineage": "59a51c82-1cb4-71ac-518c-820d0694732f",
  "outputs": {},
  "resources": [
    {
      "module": "module.eks",
      "mode": "data",
      "type": "aws_iam_policy_document",
      "name": "worker_autoscaling",
      "provider": "provider[\"registry.terraform.io/hashicorp/aws\"]",
      "instances": [
        {
          "schema_version": 0,
          "attributes": {
            "id": "656129591",
            "json": "{\n  \"Version\": \"2012-10-17\",\n  \"Statement\": [\n    {\n      \"Sid\": \"eksWorkerAutoscalingAll\",\n      \"Effect\": \"Allow\",\n      \"Action\": [\n        \"ec2:DescribeLaunchTemplateVersions\",\n        \"autoscaling:DescribeTags\",\n        \"autoscaling:DescribeLaunchConfigurations\",\n        \"autoscaling:DescribeAutoScalingInstances\",\n        \"autoscaling:DescribeAutoScalingGroups\"\n      ],\n      \"Resource\": \"*\"\n    },\n    {\n      \"Sid\": \"eksWorkerAutoscalingOwn\",\n      \"Effect\": \"Allow\",\n      \"Action\": [\n        \"autoscaling:UpdateAutoScalingGroup\",\n        \"autoscaling:TerminateInstanceInAutoScalingGroup\",\n        \"autoscaling:SetDesiredCapacity\"\n      ],\n      \"Resource\": \"*\",\n      \"Condition\": {\n        \"StringEquals\": {\n          \"autoscaling:ResourceTag/k8s.io/cluster-autoscaler/enabled\": \"true\",\n          \"autoscaling:ResourceTag/kubernetes.io/cluster/swisheks_cluster\": \"owned\"\n        }\n      }\n    }\n  ]\n}",
            "override_json": null,
            "override_policy_documents": null,
            "policy_id": null,
            "source_json": null,
            "source_policy_documents": null,
            "statement": [
              {
                "actions": [
                  "autoscaling:DescribeAutoScalingGroups",
                  "autoscaling:DescribeAutoScalingInstances",
                  "autoscaling:DescribeLaunchConfigurations",
                  "autoscaling:DescribeTags",
                  "ec2:DescribeLaunchTemplateVersions"
                ],
                "condition": [],
                "effect": "Allow",
                "not_actions": [],
                "not_principals": [],
                "not_resources": [],
                "principals": [],
                "resources": [
                  "*"
                ],
                "sid": "eksWorkerAutoscalingAll"
              },
              {
                "actions": [
                  "autoscaling:SetDesiredCapacity",
                  "autoscaling:TerminateInstanceInAutoScalingGroup",
                  "autoscaling:UpdateAutoScalingGroup"
                ],
                "condition": [
                  {
                    "test": "StringEquals",
                    "values": [
                      "owned"
                    ],
                    "variable": "autoscaling:ResourceTag/kubernetes.io/cluster/swisheks_cluster"
                  },
                  {
                    "test": "StringEquals",
                    "values": [
                      "true"
                    ],
                    "variable": "autoscaling:ResourceTag/k8s.io/cluster-autoscaler/enabled"
                  }
                ],
                "effect": "Allow",
                "not_actions": [],
                "not_principals": [],
                "not_resources": [],
                "principals": [],
                "resources": [
                  "*"
                ],
                "sid": "eksWorkerAutoscalingOwn"
              }
            ],
            "version": "2012-10-17"
          },
          "sensitive_attributes": []
        }
      ]
    },
    {
      "module": "module.eks",
      "mode": "data",
      "type": "aws_subnets",
      "name": "private",
      "provider": "provider[\"registry.terraform.io/hashicorp/aws\"]",
      "instances": [
        {
          "schema_version": 0,
          "attributes": {
            "filter": [
              {
                "name": "tag:Name",
                "values": [
                  "staging_swish_private_1a",
                  "staging_swish_private_1b"
                ]
              }
            ],
            "id": "us-east-1",
            "ids": [
              "subnet-0da478d677ea4be26",
              "subnet-02d94d22ba5ef5917"
            ],
            "tags": null,
            "timeouts": null
          },
          "sensitive_attributes": []
        }
      ]
    },
    {
      "module": "module.eks",
      "mode": "data",
      "type": "aws_subnets",
      "name": "public",
      "provider": "provider[\"registry.terraform.io/hashicorp/aws\"]",
      "instances": [
        {
          "schema_version": 0,
          "attributes": {
            "filter": [
              {
                "name": "tag:Name",
                "values": [
                  "staging_swish_public_1a",
                  "staging_swish_public_1b"
                ]
              }
            ],
            "id": "us-east-1",
            "ids": [
              "subnet-0a09dcc06b398beaf",
              "subnet-019bf7838116ee088"
            ],
            "tags": null,
            "timeouts": null
          },
          "sensitive_attributes": []
        }
      ]
    },
    {
      "module": "module.eks",
      "mode": "data",
      "type": "aws_vpc",
      "name": "swishvpc",
      "provider": "provider[\"registry.terraform.io/hashicorp/aws\"]",
      "instances": [
        {
          "schema_version": 0,
          "attributes": {
            "arn": "arn:aws:ec2:us-east-1:451445594773:vpc/vpc-0e80ed18055d2c10a",
            "cidr_block": "10.130.0.0/16",
            "cidr_block_associations": [
              {
                "association_id": "vpc-cidr-assoc-05aebe8529e2649c2",
                "cidr_block": "10.130.0.0/16",
                "state": "associated"
              }
            ],
            "default": false,
            "dhcp_options_id": "dopt-0f5ca54a9ca9f4085",
            "enable_dns_hostnames": true,
            "enable_dns_support": true,
            "enable_network_address_usage_metrics": false,
            "filter": [
              {
                "name": "tag:Name",
                "values": [
                  "Staging swishVPC"
                ]
              }
            ],
            "id": "vpc-0e80ed18055d2c10a",
            "instance_tenancy": "default",
            "ipv6_association_id": "",
            "ipv6_cidr_block": "",
            "main_route_table_id": "rtb-032b7e5ec0560f6ca",
            "owner_id": "451445594773",
            "state": null,
            "tags": {
              "Environment": "staging",
              "Name": "Staging swishVPC"
            },
            "timeouts": null
          },
          "sensitive_attributes": []
        }
      ]
    },
    {
      "module": "module.eks",
      "mode": "data",
      "type": "http",
      "name": "workstation-external-ip",
      "provider": "provider[\"registry.terraform.io/hashicorp/http\"]",
      "instances": [
        {
          "schema_version": 0,
          "attributes": {
            "body": "45.48.74.58\n",
            "ca_cert_pem": null,
            "id": "http://ipv4.icanhazip.com",
            "insecure": null,
            "method": null,
            "request_body": null,
            "request_headers": null,
            "response_body": "45.48.74.58\n",
            "response_headers": {
              "Access-Control-Allow-Methods": "GET",
              "Access-Control-Allow-Origin": "*",
              "Alt-Svc": "h3=\":443\"; ma=86400, h3-29=\":443\"; ma=86400",
              "Cf-Ray": "77f5685ddd8631fd-LAX",
              "Connection": "keep-alive",
              "Content-Length": "12",
              "Content-Type": "text/plain",
              "Date": "Sun, 25 Dec 2022 23:37:58 GMT",
              "Server": "cloudflare",
              "Set-Cookie": "__cf_bm=kFILD6bTVY8AhA9JBexrBo9HXRt8b9ZgUOv8QKeNxrM-1672011478-0-AQpa6MGvu/iW5LQ+JtFrFUzDm56U96G0f6QUmI3iTC0PIgV26/GxzB/Gcf/92uXZTnQHtRFTQepO2HS+6f9ndS0=; path=/; expires=Mon, 26-Dec-22 00:07:58 GMT; domain=.icanhazip.com; HttpOnly; SameSite=None",
              "Vary": "Accept-Encoding"
            },
            "status_code": 200,
            "url": "http://ipv4.icanhazip.com"
          },
          "sensitive_attributes": []
        }
      ]
    },
    {
      "module": "module.eks",
      "mode": "managed",
      "type": "aws_cloudwatch_log_group",
      "name": "swish_cloudwatch",
      "provider": "provider[\"registry.terraform.io/hashicorp/aws\"]",
      "instances": [
        {
          "schema_version": 0,
          "attributes": {
            "arn": "arn:aws:logs:us-east-1:451445594773:log-group:/aws/eks/swisheks_cluster/cluster",
            "id": "/aws/eks/swisheks_cluster/cluster",
            "kms_key_id": "",
            "name": "/aws/eks/swisheks_cluster/cluster",
            "name_prefix": "",
            "retention_in_days": 7,
            "skip_destroy": false,
            "tags": {
              "Environment": "Staging_env"
            },
            "tags_all": {
              "Environment": "Staging_env"
            }
          },
          "sensitive_attributes": [],
          "private": "bnVsbA=="
        }
      ]
    },
    {
      "module": "module.eks",
      "mode": "managed",
      "type": "aws_cloudwatch_metric_alarm",
      "name": "CPUUtilization",
      "provider": "provider[\"registry.terraform.io/hashicorp/aws\"]",
      "instances": [
        {
          "schema_version": 1,
          "attributes": {
            "actions_enabled": true,
            "alarm_actions": [
              "arn:aws:sns:us-east-1:451445594773:cloudwatch_nodes"
            ],
            "alarm_description": "This metric monitors Node CPU utilization",
            "alarm_name": "cpu-node-alarm",
            "arn": "arn:aws:cloudwatch:us-east-1:451445594773:alarm:cpu-node-alarm",
            "comparison_operator": "GreaterThanOrEqualToThreshold",
            "datapoints_to_alarm": 0,
            "dimensions": {
              "InstanceId": "aws_eks_node_group.swish_nodegroup"
            },
            "evaluate_low_sample_count_percentiles": "",
            "evaluation_periods": 5,
            "extended_statistic": "",
            "id": "cpu-node-alarm",
            "insufficient_data_actions": null,
            "metric_name": "CPUUtilization",
            "metric_query": [],
            "namespace": "AWS/RDS",
            "ok_actions": null,
            "period": 30,
            "statistic": "Maximum",
            "tags": null,
            "tags_all": {},
            "threshold": 50,
            "threshold_metric_id": "",
            "treat_missing_data": "missing",
            "unit": ""
          },
          "sensitive_attributes": [],
          "private": "eyJzY2hlbWFfdmVyc2lvbiI6IjEifQ==",
          "dependencies": [
            "module.eks.aws_sns_topic.cloudwatch_nodes"
          ]
        }
      ]
    },
    {
      "module": "module.eks",
      "mode": "managed",
      "type": "aws_eks_cluster",
      "name": "swisheks_cluster",
      "provider": "provider[\"registry.terraform.io/hashicorp/aws\"]",
      "instances": [
        {
          "schema_version": 0,
          "attributes": {
            "arn": "arn:aws:eks:us-east-1:451445594773:cluster/swisheks_cluster",
            "certificate_authority": [
              {
                "data": "LS0tLS1CRUdJTiBDRVJUSUZJQ0FURS0tLS0tCk1JSUMvakNDQWVhZ0F3SUJBZ0lCQURBTkJna3Foa2lHOXcwQkFRc0ZBREFWTVJNd0VRWURWUVFERXdwcmRXSmwKY201bGRHVnpNQjRYRFRJeU1USXlOVEl6TkRNME1Wb1hEVE15TVRJeU1qSXpORE0wTVZvd0ZURVRNQkVHQTFVRQpBeE1LYTNWaVpYSnVaWFJsY3pDQ0FTSXdEUVlKS29aSWh2Y05BUUVCQlFBRGdnRVBBRENDQVFvQ2dnRUJBTDNHCmdRUlNGb2RPbjc5eHlJSDRFajB5ZmhYK0NNS0tUcTVldW55WFhiUHRqQUIxSWZUS0ptREhkSzZJM1c3WUZwMW4KU1NkeWFNWjRqMkxobjRSbStkTnBQVXIxcWZqNUkybkRhSkVEbzE1TVBDUG9KblltY3FZTzlvdnFiQzhRWlZGdQpEeDNIR0lPelVhZEhOZGE5MnhrVVhPWklRRWhrU3pjMW1wTS9NOERmeWI2RmhkdTduUS9YWGtGQzhybXFkK3ZsClV4eVlXUFlwK3FucU9wQXFuZDdFcFE1cGJDUVcydXRPa2dmSG9tOWJoYS9JRXF5N0FFaEdiVERESGJHejQwRVMKNHVVOFkySlcxU2pIZHFIYnZhNGVnUFhQVGZSTjJvaVFqUE9ER2xoczVqUHBSeUZQSUh5cE02MklRMm1QT1VHZgpaenJaQUxTRHkzbFVRU0VzNVFFQ0F3RUFBYU5aTUZjd0RnWURWUjBQQVFIL0JBUURBZ0trTUE4R0ExVWRFd0VCCi93UUZNQU1CQWY4d0hRWURWUjBPQkJZRUZLeDBtbVZqOGMvOXpuQXg3STJpL1hkQUw1NUFNQlVHQTFVZEVRUU8KTUF5Q0NtdDFZbVZ5Ym1WMFpYTXdEUVlKS29aSWh2Y05BUUVMQlFBRGdnRUJBQ3dCSWQ0Tko0cG8xc3lFS2dWcQpmOEhGRHhRZ1BNdmlvVW9IK1pRaTNlaHdlcFgyaTc2T2VvVzdUdVNpRjErT3Q5aHBzYlRibWgrUGczVEFjMlluCk96RitJaFRzSXdtWmpVb1ZqNTdoWnpQeXVicUpUQW4xWGllUkV6QmZxbjE0N3QvYjBLTGNBSlc1VFEzSC82Q3UKSkdKU2NJMlpJc2djbVpWeDVXRGtoZDkvY1BuYlMwQTVUZGVvU1lJRmVITDNiVm13WEg0MVM5MVJPenZkeE9tZQpWNlFtalVSdWF5K1Y4SnhUMlFjZDRPZmRDTlZUZGhTcTZxN3hadEVwQ201bVhpTG5oUnZyYmo2bHBCMlBaSEVHCjJIWkxzREsyZlNDM1RwS3ZaT2tUaWRnd0VCMTlXbU1JTjRhUHZ2eDl3MG5CMHJqV3o2ZHh3YTEyRnVjaGtnQW8KelZjPQotLS0tLUVORCBDRVJUSUZJQ0FURS0tLS0tCg=="
              }
            ],
            "cluster_id": null,
            "created_at": "2022-12-25 23:38:10.598 +0000 UTC",
            "enabled_cluster_log_types": [
              "api",
              "audit",
              "authenticator",
              "controllerManager",
              "scheduler"
            ],
            "encryption_config": [],
            "endpoint": "https://EAC9C4B1CFD675D401184DA7158541F0.gr7.us-east-1.eks.amazonaws.com",
            "id": "swisheks_cluster",
            "identity": [
              {
                "oidc": [
                  {
                    "issuer": "https://oidc.eks.us-east-1.amazonaws.com/id/EAC9C4B1CFD675D401184DA7158541F0"
                  }
                ]
              }
            ],
            "kubernetes_network_config": [
              {
                "ip_family": "ipv4",
                "service_ipv4_cidr": "172.20.0.0/16",
                "service_ipv6_cidr": ""
              }
            ],
            "name": "swisheks_cluster",
            "outpost_config": [],
            "platform_version": "eks.5",
            "role_arn": "arn:aws:iam::451445594773:role/terraform-20221225233805227400000002",
            "status": "ACTIVE",
            "tags": null,
            "tags_all": {},
            "timeouts": null,
            "version": "1.23",
            "vpc_config": [
              {
                "cluster_security_group_id": "sg-00d562d59cc30610b",
                "endpoint_private_access": false,
                "endpoint_public_access": true,
                "public_access_cidrs": [
                  "0.0.0.0/0"
                ],
                "security_group_ids": [
                  "sg-013879c21efdbaa37"
                ],
                "subnet_ids": [
                  "subnet-02d94d22ba5ef5917",
                  "subnet-0da478d677ea4be26"
                ],
                "vpc_id": "vpc-0e80ed18055d2c10a"
              }
            ]
          },
          "sensitive_attributes": [],
          "private": "eyJlMmJmYjczMC1lY2FhLTExZTYtOGY4OC0zNDM2M2JjN2M0YzAiOnsiY3JlYXRlIjoxODAwMDAwMDAwMDAwLCJkZWxldGUiOjkwMDAwMDAwMDAwMCwidXBkYXRlIjozNjAwMDAwMDAwMDAwfX0=",
          "dependencies": [
            "module.eks.aws_cloudwatch_log_group.swish_cloudwatch",
            "module.eks.aws_iam_role.swish-cluster",
            "module.eks.aws_iam_role_policy_attachment.swish-cluster-AmazonEKSClusterPolicy",
            "module.eks.aws_iam_role_policy_attachment.swish-cluster-AmazonEKSServicePolicy",
            "module.eks.aws_iam_role_policy_attachment.swish-cluster-AmazonVPCFullAccess",
            "module.eks.aws_security_group.swishSG-worker-cluster",
            "module.eks.data.aws_subnets.private",
            "module.eks.data.aws_vpc.swishvpc"
          ]
        }
      ]
    },
    {
      "module": "module.eks",
      "mode": "managed",
      "type": "aws_eks_node_group",
      "name": "swish_nodegroup",
      "provider": "provider[\"registry.terraform.io/hashicorp/aws\"]",
      "instances": [
        {
          "schema_version": 0,
          "attributes": {
            "ami_type": "AL2_x86_64",
            "arn": "arn:aws:eks:us-east-1:451445594773:nodegroup/swisheks_cluster/swish_nodegroup/94c2a5d7-a950-6997-9770-1b249251b729",
            "capacity_type": "ON_DEMAND",
            "cluster_name": "swisheks_cluster",
            "disk_size": 20,
            "force_update_version": null,
            "id": "swisheks_cluster:swish_nodegroup",
            "instance_types": [
              "t2.medium"
            ],
            "labels": null,
            "launch_template": [],
            "node_group_name": "swish_nodegroup",
            "node_group_name_prefix": "",
            "node_role_arn": "arn:aws:iam::451445594773:role/terraform-20221225233805227400000001",
            "release_version": "1.23.13-20221112",
            "remote_access": [
              {
                "ec2_ssh_key": "devopskey",
                "source_security_group_ids": null
              }
            ],
            "resources": [
              {
                "autoscaling_groups": [
                  {
                    "name": "eks-swish_nodegroup-94c2a5d7-a950-6997-9770-1b249251b729"
                  }
                ],
                "remote_access_security_group_id": "sg-06c98544ca38cf9a9"
              }
            ],
            "scaling_config": [
              {
                "desired_size": 2,
                "max_size": 30,
                "min_size": 1
              }
            ],
            "status": "ACTIVE",
            "subnet_ids": [
              "subnet-02d94d22ba5ef5917",
              "subnet-0da478d677ea4be26"
            ],
            "tags": {
              "Environment": "Staging_env",
              "Name": "worker-node"
            },
            "tags_all": {
              "Environment": "Staging_env",
              "Name": "worker-node"
            },
            "taint": [],
            "timeouts": null,
            "update_config": [
              {
                "max_unavailable": 1,
                "max_unavailable_percentage": 0
              }
            ],
            "version": "1.23"
          },
          "sensitive_attributes": [],
          "private": "eyJlMmJmYjczMC1lY2FhLTExZTYtOGY4OC0zNDM2M2JjN2M0YzAiOnsiY3JlYXRlIjozNjAwMDAwMDAwMDAwLCJkZWxldGUiOjM2MDAwMDAwMDAwMDAsInVwZGF0ZSI6MzYwMDAwMDAwMDAwMH19",
          "dependencies": [
            "module.eks.aws_cloudwatch_log_group.swish_cloudwatch",
            "module.eks.aws_eks_cluster.swisheks_cluster",
            "module.eks.aws_iam_policy.worker_autoscaling",
            "module.eks.aws_iam_role.swish-cluster",
            "module.eks.aws_iam_role.swish-node",
            "module.eks.aws_iam_role_policy_attachment.swish-cluster-AmazonEKSClusterPolicy",
            "module.eks.aws_iam_role_policy_attachment.swish-cluster-AmazonEKSServicePolicy",
            "module.eks.aws_iam_role_policy_attachment.swish-cluster-AmazonVPCFullAccess",
            "module.eks.aws_iam_role_policy_attachment.swish-node-AmazonEC2ContainerRegistryReadOnly",
            "module.eks.aws_iam_role_policy_attachment.swish-node-AmazonEKSWorkerNodePolicy",
            "module.eks.aws_iam_role_policy_attachment.swish-node-AmazonEKS_CNI_Policy",
            "module.eks.aws_iam_role_policy_attachment.workers_autoscaling",
            "module.eks.aws_security_group.swishSG-worker-cluster",
            "module.eks.data.aws_iam_policy_document.worker_autoscaling",
            "module.eks.data.aws_subnets.private",
            "module.eks.data.aws_vpc.swishvpc"
          ]
        }
      ]
    },
    {
      "module": "module.eks",
      "mode": "managed",
      "type": "aws_iam_policy",
      "name": "worker_autoscaling",
      "provider": "provider[\"registry.terraform.io/hashicorp/aws\"]",
      "instances": [
        {
          "schema_version": 0,
          "attributes": {
            "arn": "arn:aws:iam::451445594773:policy/eks-worker-autoscaling-swisheks_cluster2022122523473810180000000a",
            "description": "EKS worker node autoscaling policy for cluster swisheks_cluster",
            "id": "arn:aws:iam::451445594773:policy/eks-worker-autoscaling-swisheks_cluster2022122523473810180000000a",
            "name": "eks-worker-autoscaling-swisheks_cluster2022122523473810180000000a",
            "name_prefix": "eks-worker-autoscaling-swisheks_cluster",
            "path": "/",
            "policy": "{\"Statement\":[{\"Action\":[\"ec2:DescribeLaunchTemplateVersions\",\"autoscaling:DescribeTags\",\"autoscaling:DescribeLaunchConfigurations\",\"autoscaling:DescribeAutoScalingInstances\",\"autoscaling:DescribeAutoScalingGroups\"],\"Effect\":\"Allow\",\"Resource\":\"*\",\"Sid\":\"eksWorkerAutoscalingAll\"},{\"Action\":[\"autoscaling:UpdateAutoScalingGroup\",\"autoscaling:TerminateInstanceInAutoScalingGroup\",\"autoscaling:SetDesiredCapacity\"],\"Condition\":{\"StringEquals\":{\"autoscaling:ResourceTag/k8s.io/cluster-autoscaler/enabled\":\"true\",\"autoscaling:ResourceTag/kubernetes.io/cluster/swisheks_cluster\":\"owned\"}},\"Effect\":\"Allow\",\"Resource\":\"*\",\"Sid\":\"eksWorkerAutoscalingOwn\"}],\"Version\":\"2012-10-17\"}",
            "policy_id": "ANPAWSHCBDKKRCMUEMQ7L",
            "tags": null,
            "tags_all": {}
          },
          "sensitive_attributes": [],
          "private": "bnVsbA==",
          "dependencies": [
            "module.eks.aws_cloudwatch_log_group.swish_cloudwatch",
            "module.eks.aws_eks_cluster.swisheks_cluster",
            "module.eks.aws_iam_role.swish-cluster",
            "module.eks.aws_iam_role_policy_attachment.swish-cluster-AmazonEKSClusterPolicy",
            "module.eks.aws_iam_role_policy_attachment.swish-cluster-AmazonEKSServicePolicy",
            "module.eks.aws_iam_role_policy_attachment.swish-cluster-AmazonVPCFullAccess",
            "module.eks.aws_security_group.swishSG-worker-cluster",
            "module.eks.data.aws_iam_policy_document.worker_autoscaling",
            "module.eks.data.aws_subnets.private",
            "module.eks.data.aws_vpc.swishvpc"
          ]
        }
      ]
    },
    {
      "module": "module.eks",
      "mode": "managed",
      "type": "aws_iam_role",
      "name": "swish-cluster",
      "provider": "provider[\"registry.terraform.io/hashicorp/aws\"]",
      "instances": [
        {
          "schema_version": 0,
          "attributes": {
            "arn": "arn:aws:iam::451445594773:role/terraform-20221225233805227400000002",
            "assume_role_policy": "{\"Statement\":[{\"Action\":\"sts:AssumeRole\",\"Effect\":\"Allow\",\"Principal\":{\"Service\":\"eks.amazonaws.com\"}}],\"Version\":\"2012-10-17\"}",
            "create_date": "2022-12-25T23:38:05Z",
            "description": "",
            "force_detach_policies": false,
            "id": "terraform-20221225233805227400000002",
            "inline_policy": [],
            "managed_policy_arns": [],
            "max_session_duration": 3600,
            "name": "terraform-20221225233805227400000002",
            "name_prefix": "terraform-",
            "path": "/",
            "permissions_boundary": null,
            "tags": {
              "Environment": "Staging_env",
              "Name": "swisheks-role"
            },
            "tags_all": {
              "Environment": "Staging_env",
              "Name": "swisheks-role"
            },
            "unique_id": "AROAWSHCBDKKWUZOWI6LJ"
          },
          "sensitive_attributes": [],
          "private": "bnVsbA=="
        }
      ]
    },
    {
      "module": "module.eks",
      "mode": "managed",
      "type": "aws_iam_role",
      "name": "swish-node",
      "provider": "provider[\"registry.terraform.io/hashicorp/aws\"]",
      "instances": [
        {
          "schema_version": 0,
          "attributes": {
            "arn": "arn:aws:iam::451445594773:role/terraform-20221225233805227400000001",
            "assume_role_policy": "{\"Statement\":[{\"Action\":\"sts:AssumeRole\",\"Effect\":\"Allow\",\"Principal\":{\"Service\":\"ec2.amazonaws.com\"}}],\"Version\":\"2012-10-17\"}",
            "create_date": "2022-12-25T23:38:05Z",
            "description": "",
            "force_detach_policies": false,
            "id": "terraform-20221225233805227400000001",
            "inline_policy": [],
            "managed_policy_arns": [],
            "max_session_duration": 3600,
            "name": "terraform-20221225233805227400000001",
            "name_prefix": "terraform-",
            "path": "/",
            "permissions_boundary": null,
            "tags": {
              "Environment": "Staging_env",
              "Name": "swisheks-node-role"
            },
            "tags_all": {
              "Environment": "Staging_env",
              "Name": "swisheks-node-role"
            },
            "unique_id": "AROAWSHCBDKKSCYRNSNSP"
          },
          "sensitive_attributes": [],
          "private": "bnVsbA=="
        }
      ]
    },
    {
      "module": "module.eks",
      "mode": "managed",
      "type": "aws_iam_role_policy_attachment",
      "name": "swish-cluster-AmazonEKSClusterPolicy",
      "provider": "provider[\"registry.terraform.io/hashicorp/aws\"]",
      "instances": [
        {
          "schema_version": 0,
          "attributes": {
            "id": "terraform-20221225233805227400000002-20221225233806921400000008",
            "policy_arn": "arn:aws:iam::aws:policy/AmazonEKSClusterPolicy",
            "role": "terraform-20221225233805227400000002"
          },
          "sensitive_attributes": [],
          "private": "bnVsbA==",
          "dependencies": [
            "module.eks.aws_iam_role.swish-cluster"
          ]
        }
      ]
    },
    {
      "module": "module.eks",
      "mode": "managed",
      "type": "aws_iam_role_policy_attachment",
      "name": "swish-cluster-AmazonEKSServicePolicy",
      "provider": "provider[\"registry.terraform.io/hashicorp/aws\"]",
      "instances": [
        {
          "schema_version": 0,
          "attributes": {
            "id": "terraform-20221225233805227400000002-20221225233806955800000009",
            "policy_arn": "arn:aws:iam::aws:policy/AmazonEKSServicePolicy",
            "role": "terraform-20221225233805227400000002"
          },
          "sensitive_attributes": [],
          "private": "bnVsbA==",
          "dependencies": [
            "module.eks.aws_iam_role.swish-cluster"
          ]
        }
      ]
    },
    {
      "module": "module.eks",
      "mode": "managed",
      "type": "aws_iam_role_policy_attachment",
      "name": "swish-cluster-AmazonVPCFullAccess",
      "provider": "provider[\"registry.terraform.io/hashicorp/aws\"]",
      "instances": [
        {
          "schema_version": 0,
          "attributes": {
            "id": "terraform-20221225233805227400000002-20221225233806845200000007",
            "policy_arn": "arn:aws:iam::aws:policy/AmazonVPCFullAccess",
            "role": "terraform-20221225233805227400000002"
          },
          "sensitive_attributes": [],
          "private": "bnVsbA==",
          "dependencies": [
            "module.eks.aws_iam_role.swish-cluster"
          ]
        }
      ]
    },
    {
      "module": "module.eks",
      "mode": "managed",
      "type": "aws_iam_role_policy_attachment",
      "name": "swish-node-AmazonEC2ContainerRegistryReadOnly",
      "provider": "provider[\"registry.terraform.io/hashicorp/aws\"]",
      "instances": [
        {
          "schema_version": 0,
          "attributes": {
            "id": "terraform-20221225233805227400000001-20221225233806702600000005",
            "policy_arn": "arn:aws:iam::aws:policy/AmazonEC2ContainerRegistryReadOnly",
            "role": "terraform-20221225233805227400000001"
          },
          "sensitive_attributes": [],
          "private": "bnVsbA==",
          "dependencies": [
            "module.eks.aws_iam_role.swish-node"
          ]
        }
      ]
    },
    {
      "module": "module.eks",
      "mode": "managed",
      "type": "aws_iam_role_policy_attachment",
      "name": "swish-node-AmazonEKSWorkerNodePolicy",
      "provider": "provider[\"registry.terraform.io/hashicorp/aws\"]",
      "instances": [
        {
          "schema_version": 0,
          "attributes": {
            "id": "terraform-20221225233805227400000001-20221225233806664200000004",
            "policy_arn": "arn:aws:iam::aws:policy/AmazonEKSWorkerNodePolicy",
            "role": "terraform-20221225233805227400000001"
          },
          "sensitive_attributes": [],
          "private": "bnVsbA==",
          "dependencies": [
            "module.eks.aws_iam_role.swish-node"
          ]
        }
      ]
    },
    {
      "module": "module.eks",
      "mode": "managed",
      "type": "aws_iam_role_policy_attachment",
      "name": "swish-node-AmazonEKS_CNI_Policy",
      "provider": "provider[\"registry.terraform.io/hashicorp/aws\"]",
      "instances": [
        {
          "schema_version": 0,
          "attributes": {
            "id": "terraform-20221225233805227400000001-20221225233806802000000006",
            "policy_arn": "arn:aws:iam::aws:policy/AmazonEKS_CNI_Policy",
            "role": "terraform-20221225233805227400000001"
          },
          "sensitive_attributes": [],
          "private": "bnVsbA==",
          "dependencies": [
            "module.eks.aws_iam_role.swish-node"
          ]
        }
      ]
    },
    {
      "module": "module.eks",
      "mode": "managed",
      "type": "aws_iam_role_policy_attachment",
      "name": "workers_autoscaling",
      "provider": "provider[\"registry.terraform.io/hashicorp/aws\"]",
      "instances": [
        {
          "schema_version": 0,
          "attributes": {
            "id": "terraform-20221225233805227400000001-2022122523473903030000000b",
            "policy_arn": "arn:aws:iam::451445594773:policy/eks-worker-autoscaling-swisheks_cluster2022122523473810180000000a",
            "role": "terraform-20221225233805227400000001"
          },
          "sensitive_attributes": [],
          "private": "bnVsbA==",
          "dependencies": [
            "module.eks.aws_cloudwatch_log_group.swish_cloudwatch",
            "module.eks.aws_eks_cluster.swisheks_cluster",
            "module.eks.aws_iam_policy.worker_autoscaling",
            "module.eks.aws_iam_role.swish-cluster",
            "module.eks.aws_iam_role.swish-node",
            "module.eks.aws_iam_role_policy_attachment.swish-cluster-AmazonEKSClusterPolicy",
            "module.eks.aws_iam_role_policy_attachment.swish-cluster-AmazonEKSServicePolicy",
            "module.eks.aws_iam_role_policy_attachment.swish-cluster-AmazonVPCFullAccess",
            "module.eks.aws_security_group.swishSG-worker-cluster",
            "module.eks.data.aws_iam_policy_document.worker_autoscaling",
            "module.eks.data.aws_subnets.private",
            "module.eks.data.aws_vpc.swishvpc"
          ]
        }
      ]
    },
    {
      "module": "module.eks",
      "mode": "managed",
      "type": "aws_security_group",
      "name": "swishSG-worker-cluster",
      "provider": "provider[\"registry.terraform.io/hashicorp/aws\"]",
      "instances": [
        {
          "schema_version": 1,
          "attributes": {
            "arn": "arn:aws:ec2:us-east-1:451445594773:security-group/sg-013879c21efdbaa37",
            "description": "Cluster communication with worker nodes",
            "egress": [
              {
                "cidr_blocks": [
                  "0.0.0.0/0"
                ],
                "description": "",
                "from_port": 0,
                "ipv6_cidr_blocks": [],
                "prefix_list_ids": [],
                "protocol": "-1",
                "security_groups": [],
                "self": false,
                "to_port": 0
              }
            ],
            "id": "sg-013879c21efdbaa37",
            "ingress": [
              {
                "cidr_blocks": [
                  "0.0.0.0/0"
                ],
                "description": "",
                "from_port": 22,
                "ipv6_cidr_blocks": [],
                "prefix_list_ids": [],
                "protocol": "tcp",
                "security_groups": [],
                "self": false,
                "to_port": 22
              },
              {
                "cidr_blocks": [
                  "10.130.0.0/16"
                ],
                "description": "",
                "from_port": 10250,
                "ipv6_cidr_blocks": [],
                "prefix_list_ids": [],
                "protocol": "tcp",
                "security_groups": [],
                "self": false,
                "to_port": 10250
              },
              {
                "cidr_blocks": [
                  "10.130.0.0/16"
                ],
                "description": "",
                "from_port": 10251,
                "ipv6_cidr_blocks": [],
                "prefix_list_ids": [],
                "protocol": "tcp",
                "security_groups": [],
                "self": false,
                "to_port": 10251
              },
              {
                "cidr_blocks": [
                  "10.130.0.0/16"
                ],
                "description": "",
                "from_port": 10252,
                "ipv6_cidr_blocks": [],
                "prefix_list_ids": [],
                "protocol": "tcp",
                "security_groups": [],
                "self": false,
                "to_port": 10252
              },
              {
                "cidr_blocks": [
                  "10.130.0.0/16"
                ],
                "description": "",
                "from_port": 22,
                "ipv6_cidr_blocks": [],
                "prefix_list_ids": [],
                "protocol": "tcp",
                "security_groups": [],
                "self": false,
                "to_port": 22
              },
              {
                "cidr_blocks": [
                  "10.130.0.0/16"
                ],
                "description": "",
                "from_port": 2379,
                "ipv6_cidr_blocks": [],
                "prefix_list_ids": [],
                "protocol": "tcp",
                "security_groups": [],
                "self": false,
                "to_port": 2380
              },
              {
                "cidr_blocks": [
                  "10.130.0.0/16"
                ],
                "description": "",
                "from_port": 30000,
                "ipv6_cidr_blocks": [],
                "prefix_list_ids": [],
                "protocol": "tcp",
                "security_groups": [],
                "self": false,
                "to_port": 32767
              },
              {
                "cidr_blocks": [
                  "10.130.0.0/16"
                ],
                "description": "",
                "from_port": 6443,
                "ipv6_cidr_blocks": [],
                "prefix_list_ids": [],
                "protocol": "tcp",
                "security_groups": [],
                "self": false,
                "to_port": 6443
              }
            ],
            "name": "terraform-20221225233805273800000003",
            "name_prefix": "terraform-",
            "owner_id": "451445594773",
            "revoke_rules_on_delete": false,
            "tags": {
              "Environment": "Staging_env",
              "Name": "swisheks_sg"
            },
            "tags_all": {
              "Environment": "Staging_env",
              "Name": "swisheks_sg"
            },
            "timeouts": null,
            "vpc_id": "vpc-0e80ed18055d2c10a"
          },
          "sensitive_attributes": [],
          "private": "eyJlMmJmYjczMC1lY2FhLTExZTYtOGY4OC0zNDM2M2JjN2M0YzAiOnsiY3JlYXRlIjo2MDAwMDAwMDAwMDAsImRlbGV0ZSI6OTAwMDAwMDAwMDAwfSwic2NoZW1hX3ZlcnNpb24iOiIxIn0=",
          "dependencies": [
            "module.eks.data.aws_vpc.swishvpc"
          ]
        }
      ]
    },
    {
      "module": "module.eks",
      "mode": "managed",
      "type": "aws_security_group_rule",
      "name": "swish-cluster-ingress-workstation-https",
      "provider": "provider[\"registry.terraform.io/hashicorp/aws\"]",
      "instances": [
        {
          "schema_version": 2,
          "attributes": {
            "cidr_blocks": [
              "45.48.74.58/32"
            ],
            "description": "Allow workstation to communicate with the cluster API Server",
            "from_port": 443,
            "id": "sgrule-2201393763",
            "ipv6_cidr_blocks": null,
            "prefix_list_ids": null,
            "protocol": "tcp",
            "security_group_id": "sg-013879c21efdbaa37",
            "security_group_rule_id": "sgr-0f1180c7f6a5043dc",
            "self": false,
            "source_security_group_id": null,
            "timeouts": null,
            "to_port": 443,
            "type": "ingress"
          },
          "sensitive_attributes": [],
          "private": "eyJlMmJmYjczMC1lY2FhLTExZTYtOGY4OC0zNDM2M2JjN2M0YzAiOnsiY3JlYXRlIjozMDAwMDAwMDAwMDB9LCJzY2hlbWFfdmVyc2lvbiI6IjIifQ==",
          "dependencies": [
            "module.eks.aws_security_group.swishSG-worker-cluster",
            "module.eks.data.aws_vpc.swishvpc",
            "module.eks.data.http.workstation-external-ip"
          ]
        }
      ]
    },
    {
      "module": "module.eks",
      "mode": "managed",
      "type": "aws_sns_topic",
      "name": "cloudwatch_nodes",
      "provider": "provider[\"registry.terraform.io/hashicorp/aws\"]",
      "instances": [
        {
          "schema_version": 0,
          "attributes": {
            "application_failure_feedback_role_arn": "",
            "application_success_feedback_role_arn": "",
            "application_success_feedback_sample_rate": 0,
            "arn": "arn:aws:sns:us-east-1:451445594773:cloudwatch_nodes",
            "content_based_deduplication": false,
            "delivery_policy": "",
            "display_name": "",
            "fifo_topic": false,
            "firehose_failure_feedback_role_arn": "",
            "firehose_success_feedback_role_arn": "",
            "firehose_success_feedback_sample_rate": 0,
            "http_failure_feedback_role_arn": "",
            "http_success_feedback_role_arn": "",
            "http_success_feedback_sample_rate": 0,
            "id": "arn:aws:sns:us-east-1:451445594773:cloudwatch_nodes",
            "kms_master_key_id": "",
            "lambda_failure_feedback_role_arn": "",
            "lambda_success_feedback_role_arn": "",
            "lambda_success_feedback_sample_rate": 0,
            "name": "cloudwatch_nodes",
            "name_prefix": "",
            "owner": "451445594773",
            "policy": "{\"Id\":\"__default_policy_ID\",\"Statement\":[{\"Action\":[\"SNS:GetTopicAttributes\",\"SNS:SetTopicAttributes\",\"SNS:AddPermission\",\"SNS:RemovePermission\",\"SNS:DeleteTopic\",\"SNS:Subscribe\",\"SNS:ListSubscriptionsByTopic\",\"SNS:Publish\"],\"Condition\":{\"StringEquals\":{\"AWS:SourceOwner\":\"451445594773\"}},\"Effect\":\"Allow\",\"Principal\":{\"AWS\":\"*\"},\"Resource\":\"arn:aws:sns:us-east-1:451445594773:cloudwatch_nodes\",\"Sid\":\"__default_statement_ID\"}],\"Version\":\"2008-10-17\"}",
            "sqs_failure_feedback_role_arn": "",
            "sqs_success_feedback_role_arn": "",
            "sqs_success_feedback_sample_rate": 0,
            "tags": null,
            "tags_all": {}
          },
          "sensitive_attributes": [],
          "private": "bnVsbA=="
        }
      ]
    },
    {
      "module": "module.eks",
      "mode": "managed",
      "type": "aws_sns_topic_subscription",
      "name": "cloudwatch_email_sub",
      "provider": "provider[\"registry.terraform.io/hashicorp/aws\"]",
      "instances": [
        {
          "schema_version": 0,
          "attributes": {
            "arn": "arn:aws:sns:us-east-1:451445594773:cloudwatch_nodes:916669d6-6f4f-46df-9bd6-b4605f619c41",
            "confirmation_timeout_in_minutes": 1,
            "confirmation_was_authenticated": false,
            "delivery_policy": "",
            "endpoint": "ashudaff@gmail.com",
            "endpoint_auto_confirms": false,
            "filter_policy": "",
            "filter_policy_scope": "",
            "id": "arn:aws:sns:us-east-1:451445594773:cloudwatch_nodes:916669d6-6f4f-46df-9bd6-b4605f619c41",
            "owner_id": "451445594773",
            "pending_confirmation": true,
            "protocol": "email",
            "raw_message_delivery": false,
            "redrive_policy": "",
            "subscription_role_arn": "",
            "topic_arn": "arn:aws:sns:us-east-1:451445594773:cloudwatch_nodes"
          },
          "sensitive_attributes": [],
          "private": "bnVsbA==",
          "dependencies": [
            "module.eks.aws_sns_topic.cloudwatch_nodes"
          ]
        }
      ]
    }
  ]
}
